// !$*UTF8*$!
{
	archiveVersion = 1;
	classes = {
	};
	objectVersion = 55;
	objects = {

/* Begin PBXBuildFile section */
		456524D327FEBD990021A313 /* SwiftyLibTest.docc in Sources */ = {isa = PBXBuildFile; fileRef = 456524D227FEBD990021A313 /* SwiftyLibTest.docc */; };
		456524D927FEBD990021A313 /* SwiftyLibTest.framework in Frameworks */ = {isa = PBXBuildFile; fileRef = 456524CE27FEBD990021A313 /* SwiftyLibTest.framework */; };
		456524DE27FEBD990021A313 /* SwiftyLibTestTests.swift in Sources */ = {isa = PBXBuildFile; fileRef = 456524DD27FEBD990021A313 /* SwiftyLibTestTests.swift */; };
		456524DF27FEBD990021A313 /* SwiftyLibTest.h in Headers */ = {isa = PBXBuildFile; fileRef = 456524D127FEBD990021A313 /* SwiftyLibTest.h */; settings = {ATTRIBUTES = (Public, ); }; };
/* End PBXBuildFile section */

/* Begin PBXContainerItemProxy section */
		456524DA27FEBD990021A313 /* PBXContainerItemProxy */ = {
			isa = PBXContainerItemProxy;
			containerPortal = 456524C527FEBD990021A313 /* Project object */;
			proxyType = 1;
			remoteGlobalIDString = 456524CD27FEBD990021A313;
			remoteInfo = SwiftyLibTest;
		};
/* End PBXContainerItemProxy section */

/* Begin PBXFileReference section */
		456524CE27FEBD990021A313 /* SwiftyLibTest.framework */ = {isa = PBXFileReference; explicitFileType = wrapper.framework; includeInIndex = 0; path = SwiftyLibTest.framework; sourceTree = BUILT_PRODUCTS_DIR; };
		456524D127FEBD990021A313 /* SwiftyLibTest.h */ = {isa = PBXFileReference; lastKnownFileType = sourcecode.c.h; path = SwiftyLibTest.h; sourceTree = "<group>"; };
		456524D227FEBD990021A313 /* SwiftyLibTest.docc */ = {isa = PBXFileReference; lastKnownFileType = folder.documentationcatalog; path = SwiftyLibTest.docc; sourceTree = "<group>"; };
		456524D827FEBD990021A313 /* SwiftyLibTestTests.xctest */ = {isa = PBXFileReference; explicitFileType = wrapper.cfbundle; includeInIndex = 0; path = SwiftyLibTestTests.xctest; sourceTree = BUILT_PRODUCTS_DIR; };
		456524DD27FEBD990021A313 /* SwiftyLibTestTests.swift */ = {isa = PBXFileReference; lastKnownFileType = sourcecode.swift; path = SwiftyLibTestTests.swift; sourceTree = "<group>"; };
/* End PBXFileReference section */

/* Begin PBXFrameworksBuildPhase section */
		456524CB27FEBD990021A313 /* Frameworks */ = {
			isa = PBXFrameworksBuildPhase;
			buildActionMask = 2147483647;
			files = (
			);
			runOnlyForDeploymentPostprocessing = 0;
		};
		456524D527FEBD990021A313 /* Frameworks */ = {
			isa = PBXFrameworksBuildPhase;
			buildActionMask = 2147483647;
			files = (
				456524D927FEBD990021A313 /* SwiftyLibTest.framework in Frameworks */,
			);
			runOnlyForDeploymentPostprocessing = 0;
		};
/* End PBXFrameworksBuildPhase section */

/* Begin PBXGroup section */
		456524C427FEBD990021A313 = {
			isa = PBXGroup;
			children = (
				456524D027FEBD990021A313 /* SwiftyLibTest */,
				456524DC27FEBD990021A313 /* SwiftyLibTestTests */,
				456524CF27FEBD990021A313 /* Products */,
			);
			sourceTree = "<group>";
		};
		456524CF27FEBD990021A313 /* Products */ = {
			isa = PBXGroup;
			children = (
				456524CE27FEBD990021A313 /* SwiftyLibTest.framework */,
				456524D827FEBD990021A313 /* SwiftyLibTestTests.xctest */,
			);
			name = Products;
			sourceTree = "<group>";
		};
		456524D027FEBD990021A313 /* SwiftyLibTest */ = {
			isa = PBXGroup;
			children = (
				456524D127FEBD990021A313 /* SwiftyLibTest.h */,
				456524D227FEBD990021A313 /* SwiftyLibTest.docc */,
			);
			path = SwiftyLibTest;
			sourceTree = "<group>";
		};
		456524DC27FEBD990021A313 /* SwiftyLibTestTests */ = {
			isa = PBXGroup;
			children = (
				456524DD27FEBD990021A313 /* SwiftyLibTestTests.swift */,
			);
			path = SwiftyLibTestTests;
			sourceTree = "<group>";
		};
/* End PBXGroup section */

/* Begin PBXHeadersBuildPhase section */
		456524C927FEBD990021A313 /* Headers */ = {
			isa = PBXHeadersBuildPhase;
			buildActionMask = 2147483647;
			files = (
				456524DF27FEBD990021A313 /* SwiftyLibTest.h in Headers */,
			);
			runOnlyForDeploymentPostprocessing = 0;
		};
/* End PBXHeadersBuildPhase section */

/* Begin PBXNativeTarget section */
		456524CD27FEBD990021A313 /* SwiftyLibTest */ = {
			isa = PBXNativeTarget;
			buildConfigurationList = 456524E227FEBD990021A313 /* Build configuration list for PBXNativeTarget "SwiftyLibTest" */;
			buildPhases = (
				456524C927FEBD990021A313 /* Headers */,
				456524CA27FEBD990021A313 /* Sources */,
				456524CB27FEBD990021A313 /* Frameworks */,
				456524CC27FEBD990021A313 /* Resources */,
			);
			buildRules = (
			);
			dependencies = (
			);
			name = SwiftyLibTest;
			productName = SwiftyLibTest;
			productReference = 456524CE27FEBD990021A313 /* SwiftyLibTest.framework */;
			productType = "com.apple.product-type.framework";
		};
		456524D727FEBD990021A313 /* SwiftyLibTestTests */ = {
			isa = PBXNativeTarget;
			buildConfigurationList = 456524E527FEBD990021A313 /* Build configuration list for PBXNativeTarget "SwiftyLibTestTests" */;
			buildPhases = (
				456524D427FEBD990021A313 /* Sources */,
				456524D527FEBD990021A313 /* Frameworks */,
				456524D627FEBD990021A313 /* Resources */,
			);
			buildRules = (
			);
			dependencies = (
				456524DB27FEBD990021A313 /* PBXTargetDependency */,
			);
			name = SwiftyLibTestTests;
			productName = SwiftyLibTestTests;
			productReference = 456524D827FEBD990021A313 /* SwiftyLibTestTests.xctest */;
			productType = "com.apple.product-type.bundle.unit-test";
		};
/* End PBXNativeTarget section */

/* Begin PBXProject section */
		456524C527FEBD990021A313 /* Project object */ = {
			isa = PBXProject;
			attributes = {
				BuildIndependentTargetsInParallel = 1;
				LastSwiftUpdateCheck = 1330;
				LastUpgradeCheck = 1330;
				TargetAttributes = {
					456524CD27FEBD990021A313 = {
						CreatedOnToolsVersion = 13.3;
					};
					456524D727FEBD990021A313 = {
						CreatedOnToolsVersion = 13.3;
					};
				};
			};
			buildConfigurationList = 456524C827FEBD990021A313 /* Build configuration list for PBXProject "SwiftyLibTest" */;
			compatibilityVersion = "Xcode 13.0";
			developmentRegion = en;
			hasScannedForEncodings = 0;
			knownRegions = (
				en,
				Base,
			);
			mainGroup = 456524C427FEBD990021A313;
			productRefGroup = 456524CF27FEBD990021A313 /* Products */;
			projectDirPath = "";
			projectRoot = "";
			targets = (
				456524CD27FEBD990021A313 /* SwiftyLibTest */,
				456524D727FEBD990021A313 /* SwiftyLibTestTests */,
			);
		};
/* End PBXProject section */

/* Begin PBXResourcesBuildPhase section */
		456524CC27FEBD990021A313 /* Resources */ = {
			isa = PBXResourcesBuildPhase;
			buildActionMask = 2147483647;
			files = (
			);
			runOnlyForDeploymentPostprocessing = 0;
		};
		456524D627FEBD990021A313 /* Resources */ = {
			isa = PBXResourcesBuildPhase;
			buildActionMask = 2147483647;
			files = (
			);
			runOnlyForDeploymentPostprocessing = 0;
		};
/* End PBXResourcesBuildPhase section */

/* Begin PBXSourcesBuildPhase section */
		456524CA27FEBD990021A313 /* Sources */ = {
			isa = PBXSourcesBuildPhase;
			buildActionMask = 2147483647;
			files = (
				456524D327FEBD990021A313 /* SwiftyLibTest.docc in Sources */,
			);
			runOnlyForDeploymentPostprocessing = 0;
		};
		456524D427FEBD990021A313 /* Sources */ = {
			isa = PBXSourcesBuildPhase;
			buildActionMask = 2147483647;
			files = (
				456524DE27FEBD990021A313 /* SwiftyLibTestTests.swift in Sources */,
			);
			runOnlyForDeploymentPostprocessing = 0;
		};
/* End PBXSourcesBuildPhase section */

/* Begin PBXTargetDependency section */
		456524DB27FEBD990021A313 /* PBXTargetDependency */ = {
			isa = PBXTargetDependency;
			target = 456524CD27FEBD990021A313 /* SwiftyLibTest */;
			targetProxy = 456524DA27FEBD990021A313 /* PBXContainerItemProxy */;
		};
/* End PBXTargetDependency section */

/* Begin XCBuildConfiguration section */
		456524E027FEBD990021A313 /* Debug */ = {
			isa = XCBuildConfiguration;
			buildSettings = {
				ALWAYS_SEARCH_USER_PATHS = NO;
				CLANG_ANALYZER_NONNULL = YES;
				CLANG_ANALYZER_NUMBER_OBJECT_CONVERSION = YES_AGGRESSIVE;
				CLANG_CXX_LANGUAGE_STANDARD = "gnu++17";
				CLANG_ENABLE_MODULES = YES;
				CLANG_ENABLE_OBJC_ARC = YES;
				CLANG_ENABLE_OBJC_WEAK = YES;
				CLANG_WARN_BLOCK_CAPTURE_AUTORELEASING = YES;
				CLANG_WARN_BOOL_CONVERSION = YES;
				CLANG_WARN_COMMA = YES;
				CLANG_WARN_CONSTANT_CONVERSION = YES;
				CLANG_WARN_DEPRECATED_OBJC_IMPLEMENTATIONS = YES;
				CLANG_WARN_DIRECT_OBJC_ISA_USAGE = YES_ERROR;
				CLANG_WARN_DOCUMENTATION_COMMENTS = YES;
				CLANG_WARN_EMPTY_BODY = YES;
				CLANG_WARN_ENUM_CONVERSION = YES;
				CLANG_WARN_INFINITE_RECURSION = YES;
				CLANG_WARN_INT_CONVERSION = YES;
				CLANG_WARN_NON_LITERAL_NULL_CONVERSION = YES;
				CLANG_WARN_OBJC_IMPLICIT_RETAIN_SELF = YES;
				CLANG_WARN_OBJC_LITERAL_CONVERSION = YES;
				CLANG_WARN_OBJC_ROOT_CLASS = YES_ERROR;
				CLANG_WARN_QUOTED_INCLUDE_IN_FRAMEWORK_HEADER = YES;
				CLANG_WARN_RANGE_LOOP_ANALYSIS = YES;
				CLANG_WARN_STRICT_PROTOTYPES = YES;
				CLANG_WARN_SUSPICIOUS_MOVE = YES;
				CLANG_WARN_UNGUARDED_AVAILABILITY = YES_AGGRESSIVE;
				CLANG_WARN_UNREACHABLE_CODE = YES;
				CLANG_WARN__DUPLICATE_METHOD_MATCH = YES;
				COPY_PHASE_STRIP = NO;
				CURRENT_PROJECT_VERSION = 1;
				DEBUG_INFORMATION_FORMAT = dwarf;
				ENABLE_STRICT_OBJC_MSGSEND = YES;
				ENABLE_TESTABILITY = YES;
				GCC_C_LANGUAGE_STANDARD = gnu11;
				GCC_DYNAMIC_NO_PIC = NO;
				GCC_NO_COMMON_BLOCKS = YES;
				GCC_OPTIMIZATION_LEVEL = 0;
				GCC_PREPROCESSOR_DEFINITIONS = (
					"DEBUG=1",
					"$(inherited)",
				);
				GCC_WARN_64_TO_32_BIT_CONVERSION = YES;
				GCC_WARN_ABOUT_RETURN_TYPE = YES_ERROR;
				GCC_WARN_UNDECLARED_SELECTOR = YES;
				GCC_WARN_UNINITIALIZED_AUTOS = YES_AGGRESSIVE;
				GCC_WARN_UNUSED_FUNCTION = YES;
				GCC_WARN_UNUSED_VARIABLE = YES;
				IPHONEOS_DEPLOYMENT_TARGET = 15.4;
				MTL_ENABLE_DEBUG_INFO = INCLUDE_SOURCE;
				MTL_FAST_MATH = YES;
				ONLY_ACTIVE_ARCH = YES;
				SDKROOT = iphoneos;
				SWIFT_ACTIVE_COMPILATION_CONDITIONS = DEBUG;
				SWIFT_OPTIMIZATION_LEVEL = "-Onone";
				VERSIONING_SYSTEM = "apple-generic";
				VERSION_INFO_PREFIX = "";
			};
			name = Debug;
		};
		456524E127FEBD990021A313 /* Release */ = {
			isa = XCBuildConfiguration;
			buildSettings = {
				ALWAYS_SEARCH_USER_PATHS = NO;
				CLANG_ANALYZER_NONNULL = YES;
				CLANG_ANALYZER_NUMBER_OBJECT_CONVERSION = YES_AGGRESSIVE;
				CLANG_CXX_LANGUAGE_STANDARD = "gnu++17";
				CLANG_ENABLE_MODULES = YES;
				CLANG_ENABLE_OBJC_ARC = YES;
				CLANG_ENABLE_OBJC_WEAK = YES;
				CLANG_WARN_BLOCK_CAPTURE_AUTORELEASING = YES;
				CLANG_WARN_BOOL_CONVERSION = YES;
				CLANG_WARN_COMMA = YES;
				CLANG_WARN_CONSTANT_CONVERSION = YES;
				CLANG_WARN_DEPRECATED_OBJC_IMPLEMENTATIONS = YES;
				CLANG_WARN_DIRECT_OBJC_ISA_USAGE = YES_ERROR;
				CLANG_WARN_DOCUMENTATION_COMMENTS = YES;
				CLANG_WARN_EMPTY_BODY = YES;
				CLANG_WARN_ENUM_CONVERSION = YES;
				CLANG_WARN_INFINITE_RECURSION = YES;
				CLANG_WARN_INT_CONVERSION = YES;
				CLANG_WARN_NON_LITERAL_NULL_CONVERSION = YES;
				CLANG_WARN_OBJC_IMPLICIT_RETAIN_SELF = YES;
				CLANG_WARN_OBJC_LITERAL_CONVERSION = YES;
				CLANG_WARN_OBJC_ROOT_CLASS = YES_ERROR;
				CLANG_WARN_QUOTED_INCLUDE_IN_FRAMEWORK_HEADER = YES;
				CLANG_WARN_RANGE_LOOP_ANALYSIS = YES;
				CLANG_WARN_STRICT_PROTOTYPES = YES;
				CLANG_WARN_SUSPICIOUS_MOVE = YES;
				CLANG_WARN_UNGUARDED_AVAILABILITY = YES_AGGRESSIVE;
				CLANG_WARN_UNREACHABLE_CODE = YES;
				CLANG_WARN__DUPLICATE_METHOD_MATCH = YES;
				COPY_PHASE_STRIP = NO;
				CURRENT_PROJECT_VERSION = 1;
				DEBUG_INFORMATION_FORMAT = "dwarf-with-dsym";
				ENABLE_NS_ASSERTIONS = NO;
				ENABLE_STRICT_OBJC_MSGSEND = YES;
				GCC_C_LANGUAGE_STANDARD = gnu11;
				GCC_NO_COMMON_BLOCKS = YES;
				GCC_WARN_64_TO_32_BIT_CONVERSION = YES;
				GCC_WARN_ABOUT_RETURN_TYPE = YES_ERROR;
				GCC_WARN_UNDECLARED_SELECTOR = YES;
				GCC_WARN_UNINITIALIZED_AUTOS = YES_AGGRESSIVE;
				GCC_WARN_UNUSED_FUNCTION = YES;
				GCC_WARN_UNUSED_VARIABLE = YES;
				IPHONEOS_DEPLOYMENT_TARGET = 15.4;
				MTL_ENABLE_DEBUG_INFO = NO;
				MTL_FAST_MATH = YES;
				SDKROOT = iphoneos;
				SWIFT_COMPILATION_MODE = wholemodule;
				SWIFT_OPTIMIZATION_LEVEL = "-O";
				VALIDATE_PRODUCT = YES;
				VERSIONING_SYSTEM = "apple-generic";
				VERSION_INFO_PREFIX = "";
			};
			name = Release;
		};
		456524E327FEBD990021A313 /* Debug */ = {
			isa = XCBuildConfiguration;
			buildSettings = {
				CODE_SIGN_STYLE = Automatic;
				CURRENT_PROJECT_VERSION = 1;
				DEFINES_MODULE = YES;
				DYLIB_COMPATIBILITY_VERSION = 1;
				DYLIB_CURRENT_VERSION = 1;
				DYLIB_INSTALL_NAME_BASE = "@rpath";
				GENERATE_INFOPLIST_FILE = YES;
				INFOPLIST_KEY_NSHumanReadableCopyright = "";
				INSTALL_PATH = "$(LOCAL_LIBRARY_DIR)/Frameworks";
				LD_RUNPATH_SEARCH_PATHS = (
					"$(inherited)",
					"@executable_path/Frameworks",
					"@loader_path/Frameworks",
				);
				MARKETING_VERSION = 1.0;
				PRODUCT_BUNDLE_IDENTIFIER = Ani.SwiftyLibTest;
				PRODUCT_NAME = "$(TARGET_NAME:c99extidentifier)";
				SKIP_INSTALL = YES;
				SWIFT_EMIT_LOC_STRINGS = YES;
				SWIFT_VERSION = 5.0;
				TARGETED_DEVICE_FAMILY = "1,2";
			};
			name = Debug;
		};
		456524E427FEBD990021A313 /* Release */ = {
			isa = XCBuildConfiguration;
			buildSettings = {
				CODE_SIGN_STYLE = Automatic;
				CURRENT_PROJECT_VERSION = 1;
				DEFINES_MODULE = YES;
				DYLIB_COMPATIBILITY_VERSION = 1;
				DYLIB_CURRENT_VERSION = 1;
				DYLIB_INSTALL_NAME_BASE = "@rpath";
				GENERATE_INFOPLIST_FILE = YES;
				INFOPLIST_KEY_NSHumanReadableCopyright = "";
				INSTALL_PATH = "$(LOCAL_LIBRARY_DIR)/Frameworks";
				LD_RUNPATH_SEARCH_PATHS = (
					"$(inherited)",
					"@executable_path/Frameworks",
					"@loader_path/Frameworks",
				);
				MARKETING_VERSION = 1.0;
				PRODUCT_BUNDLE_IDENTIFIER = Ani.SwiftyLibTest;
				PRODUCT_NAME = "$(TARGET_NAME:c99extidentifier)";
				SKIP_INSTALL = YES;
				SWIFT_EMIT_LOC_STRINGS = YES;
				SWIFT_VERSION = 5.0;
				TARGETED_DEVICE_FAMILY = "1,2";
			};
			name = Release;
		};
		456524E627FEBD990021A313 /* Debug */ = {
			isa = XCBuildConfiguration;
			buildSettings = {
				CODE_SIGN_STYLE = Automatic;
				CURRENT_PROJECT_VERSION = 1;
				GENERATE_INFOPLIST_FILE = YES;
				MARKETING_VERSION = 1.0;
				PRODUCT_BUNDLE_IDENTIFIER = Ani.SwiftyLibTestTests;
				PRODUCT_NAME = "$(TARGET_NAME)";
				SWIFT_EMIT_LOC_STRINGS = NO;
				SWIFT_VERSION = 5.0;
				TARGETED_DEVICE_FAMILY = "1,2";
			};
			name = Debug;
		};
		456524E727FEBD990021A313 /* Release */ = {
			isa = XCBuildConfiguration;
			buildSettings = {
				CODE_SIGN_STYLE = Automatic;
				CURRENT_PROJECT_VERSION = 1;
				GENERATE_INFOPLIST_FILE = YES;
				MARKETING_VERSION = 1.0;
				PRODUCT_BUNDLE_IDENTIFIER = Ani.SwiftyLibTestTests;
				PRODUCT_NAME = "$(TARGET_NAME)";
				SWIFT_EMIT_LOC_STRINGS = NO;
				SWIFT_VERSION = 5.0;
				TARGETED_DEVICE_FAMILY = "1,2";
			};
			name = Release;
		};
/* End XCBuildConfiguration section */

/* Begin XCConfigurationList section */
		456524C827FEBD990021A313 /* Build configuration list for PBXProject "SwiftyLibTest" */ = {
			isa = XCConfigurationList;
			buildConfigurations = (
				456524E027FEBD990021A313 /* Debug */,
				456524E127FEBD990021A313 /* Release */,
			);
			defaultConfigurationIsVisible = 0;
			defaultConfigurationName = Release;
		};
		456524E227FEBD990021A313 /* Build configuration list for PBXNativeTarget "SwiftyLibTest" */ = {
			isa = XCConfigurationList;
			buildConfigurations = (
				456524E327FEBD990021A313 /* Debug */,
				456524E427FEBD990021A313 /* Release */,
			);
			defaultConfigurationIsVisible = 0;
			defaultConfigurationName = Release;
		};
		456524E527FEBD990021A313 /* Build configuration list for PBXNativeTarget "SwiftyLibTestTests" */ = {
			isa = XCConfigurationList;
			buildConfigurations = (
				456524E627FEBD990021A313 /* Debug */,
				456524E727FEBD990021A313 /* Release */,
			);
			defaultConfigurationIsVisible = 0;
			defaultConfigurationName = Release;
		};
/* End XCConfigurationList section */
	};
	rootObject = 456524C527FEBD990021A313 /* Project object */;
}
